{
  "name": "supabase",
  "lockfileVersion": 3,
  "requires": true,
  "packages": {
    "": {
      "dependencies": {
        "zod": "^3.23.8"
      },
      "devDependencies": {
        "typed-htmx": "^0.3.1"
      }
    },
    "node_modules/typed-html": {
      "version": "3.0.1",
      "resolved": "https://registry.npmjs.org/typed-html/-/typed-html-3.0.1.tgz",
      "integrity": "sha512-JKCM9zTfPDuPqQqdGZBWSEiItShliKkBFg5c6yOR8zth43v763XkAzTWaOlVqc0Y6p9ee8AaAbipGfUnCsYZUA==",
      "dev": true,
      "engines": {
        "node": ">=12"
      }
    },
    "node_modules/typed-htmx": {
      "version": "0.3.1",
      "resolved": "https://registry.npmjs.org/typed-htmx/-/typed-htmx-0.3.1.tgz",
      "integrity": "sha512-6WSPsukTIOEMsVbx5wzgVSvldLmgBUVcFIm2vJlBpRPtcbDOGC5y1IYrCWNX1yUlNsrv1Ngcw4gGM8jsPyNV7w==",
      "dev": true,
      "dependencies": {
        "typed-html": "^3.0.1"
      },
      "engines": {
        "node": ">=12"
      }
    },
    "node_modules/zod": {
      "version": "3.23.8",
      "resolved": "https://registry.npmjs.org/zod/-/zod-3.23.8.tgz",
      "integrity": "sha512-XBx9AXhXktjUqnepgTiE5flcKIYWi/rme0Eaj+5Y0lftuGBq+jyRu/md4WnuxqgP1ubdpNCsYEYPxrzVHD8d6g==",
      "funding": {
        "url": "https://github.com/sponsors/colinhacks"
      }
    }
  }
}
